
Microsoft Visual Studio Solution File, Format Version 12.00
# Visual Studio Version 16
VisualStudioVersion = 16.0.29806.167
MinimumVisualStudioVersion = 10.0.40219.1
Project("{FAE04EC0-301F-11D3-BF4B-00C04F79EFBC}") = "Wumpus", "WindowsFormsApp1\Wumpus.csproj", "{3E9BBD51-B966-4E96-9719-19134E286DF7}"
EndProject
Global
	GlobalSection(SolutionConfigurationPlatforms) = preSolution
		Debug|Any CPU = Debug|Any CPU
		Release|Any CPU = Release|Any CPU
	EndGlobalSection
	GlobalSection(ProjectConfigurationPlatforms) = postSolution
		{3E9BBD51-B966-4E96-9719-19134E286DF7}.Debug|Any CPU.ActiveCfg = Debug|Any CPU
		{3E9BBD51-B966-4E96-9719-19134E286DF7}.Debug|Any CPU.Build.0 = Debug|Any CPU
		{3E9BBD51-B966-4E96-9719-19134E286DF7}.Release|Any CPU.ActiveCfg = Release|Any CPU
		{3E9BBD51-B966-4E96-9719-19134E286DF7}.Release|Any CPU.Build.0 = Release|Any CPU
	EndGlobalSection
	GlobalSection(SolutionProperties) = preSolution
		HideSolutionNode = FALSE
	EndGlobalSection
	GlobalSection(ExtensibilityGlobals) = postSolution
		SolutionGuid = {0ECAFF02-A370-4BE9-8FC5-400FB611A5D8}
	EndGlobalSection
EndGlobal
